
Microsoft Visual Studio Solution File, Format Version 12.00
# Visual Studio Version 17
VisualStudioVersion = 17.4.33122.133
MinimumVisualStudioVersion = 10.0.40219.1
Project("{FAE04EC0-301F-11D3-BF4B-00C04F79EFBC}") = "HundredChicken.ConsoleApp", "HundredChicken.ConsoleApp\HundredChicken.ConsoleApp.csproj", "{14636435-D491-4856-853D-D6259C11F46A}"
EndProject
Global
	GlobalSection(SolutionConfigurationPlatforms) = preSolution
		Debug|Any CPU = Debug|Any CPU
		Release|Any CPU = Release|Any CPU
	EndGlobalSection
	GlobalSection(ProjectConfigurationPlatforms) = postSolution
		{14636435-D491-4856-853D-D6259C11F46A}.Debug|Any CPU.ActiveCfg = Debug|Any CPU
		{14636435-D491-4856-853D-D6259C11F46A}.Debug|Any CPU.Build.0 = Debug|Any CPU
		{14636435-D491-4856-853D-D6259C11F46A}.Release|Any CPU.ActiveCfg = Release|Any CPU
		{14636435-D491-4856-853D-D6259C11F46A}.Release|Any CPU.Build.0 = Release|Any CPU
	EndGlobalSection
	GlobalSection(SolutionProperties) = preSolution
		HideSolutionNode = FALSE
	EndGlobalSection
	GlobalSection(ExtensibilityGlobals) = postSolution
		SolutionGuid = {96FD60DC-1837-45D1-9BEB-757E3AF9FD4D}
	EndGlobalSection
EndGlobal
